// !$*UTF8*$!
{
	archiveVersion = 1;
	classes = {
	};
	objectVersion = 46;
	objects = {

/* Begin PBXBuildFile section */
		730C58A613AFB85E00D443E6 /* UIKit.framework in Frameworks */ = {isa = PBXBuildFile; fileRef = 730C58A513AFB85E00D443E6 /* UIKit.framework */; };
		730C58A813AFB85E00D443E6 /* Foundation.framework in Frameworks */ = {isa = PBXBuildFile; fileRef = 730C58A713AFB85E00D443E6 /* Foundation.framework */; };
		730C58AA13AFB85E00D443E6 /* CoreGraphics.framework in Frameworks */ = {isa = PBXBuildFile; fileRef = 730C58A913AFB85E00D443E6 /* CoreGraphics.framework */; };
		730C58B013AFB85E00D443E6 /* InfoPlist.strings in Resources */ = {isa = PBXBuildFile; fileRef = 730C58AE13AFB85E00D443E6 /* InfoPlist.strings */; };
		730C58B313AFB85E00D443E6 /* main.m in Sources */ = {isa = PBXBuildFile; fileRef = 730C58B213AFB85E00D443E6 /* main.m */; };
		730C58B613AFB85E00D443E6 /* TasksAppDelegate.m in Sources */ = {isa = PBXBuildFile; fileRef = 730C58B513AFB85E00D443E6 /* TasksAppDelegate.m */; };
		730C58B913AFB85E00D443E6 /* MainWindow.xib in Resources */ = {isa = PBXBuildFile; fileRef = 730C58B713AFB85E00D443E6 /* MainWindow.xib */; };
		730C58BC13AFB85E00D443E6 /* DetailViewController.m in Sources */ = {isa = PBXBuildFile; fileRef = 730C58BB13AFB85E00D443E6 /* DetailViewController.m */; };
		730C58BF13AFB85E00D443E6 /* TasksViewController.xib in Resources */ = {isa = PBXBuildFile; fileRef = 730C58BD13AFB85E00D443E6 /* TasksViewController.xib */; };
		730C58C213AFB85E00D443E6 /* RootViewController.m in Sources */ = {isa = PBXBuildFile; fileRef = 730C58C113AFB85E00D443E6 /* RootViewController.m */; };
		730C58C913AFB85E00D443E6 /* UIKit.framework in Frameworks */ = {isa = PBXBuildFile; fileRef = 730C58A513AFB85E00D443E6 /* UIKit.framework */; };
		730C58CA13AFB85E00D443E6 /* Foundation.framework in Frameworks */ = {isa = PBXBuildFile; fileRef = 730C58A713AFB85E00D443E6 /* Foundation.framework */; };
		730C58CB13AFB85E00D443E6 /* CoreGraphics.framework in Frameworks */ = {isa = PBXBuildFile; fileRef = 730C58A913AFB85E00D443E6 /* CoreGraphics.framework */; };
		730C58D313AFB85E00D443E6 /* InfoPlist.strings in Resources */ = {isa = PBXBuildFile; fileRef = 730C58D113AFB85E00D443E6 /* InfoPlist.strings */; };
		730C58D613AFB85E00D443E6 /* TasksTests.h in Resources */ = {isa = PBXBuildFile; fileRef = 730C58D513AFB85E00D443E6 /* TasksTests.h */; };
		730C593C13B10EFC00D443E6 /* RootView.xib in Resources */ = {isa = PBXBuildFile; fileRef = 730C593B13B10EFB00D443E6 /* RootView.xib */; };
		730C593F13B1157B00D443E6 /* Account.m in Sources */ = {isa = PBXBuildFile; fileRef = 730C593E13B1157A00D443E6 /* Account.m */; };
		7320FC1213D0D9F6003BC20F /* AccountEditViewController.m in Sources */ = {isa = PBXBuildFile; fileRef = 7320FC1013D0D9F5003BC20F /* AccountEditViewController.m */; };
		7320FC1313D0D9F6003BC20F /* AccountEditViewController.xib in Resources */ = {isa = PBXBuildFile; fileRef = 7320FC1113D0D9F6003BC20F /* AccountEditViewController.xib */; };
		7320FC1713D4BABD003BC20F /* InMemoryAccountStorage.m in Sources */ = {isa = PBXBuildFile; fileRef = 7320FC1613D4BABD003BC20F /* InMemoryAccountStorage.m */; };
		7337404313CF6FFE00F82AA7 /* DetailViewController.xib in Resources */ = {isa = PBXBuildFile; fileRef = 7337404213CF6FFE00F82AA7 /* DetailViewController.xib */; };
		7337404813D0AE7F00F82AA7 /* TaskListEditViewController.m in Sources */ = {isa = PBXBuildFile; fileRef = 7337404613D0AE7F00F82AA7 /* TaskListEditViewController.m */; };
		7337404913D0AE7F00F82AA7 /* TaskListEditViewController.xib in Resources */ = {isa = PBXBuildFile; fileRef = 7337404713D0AE7F00F82AA7 /* TaskListEditViewController.xib */; };
		7337404D13D0B03000F82AA7 /* TaskListsViewController.m in Sources */ = {isa = PBXBuildFile; fileRef = 7337404B13D0B02F00F82AA7 /* TaskListsViewController.m */; };
		73645EF713B11C2700222CB1 /* TaskList.m in Sources */ = {isa = PBXBuildFile; fileRef = 73645EF613B11C2700222CB1 /* TaskList.m */; };
		73645EFB13B11C3300222CB1 /* Task.m in Sources */ = {isa = PBXBuildFile; fileRef = 73645EFA13B11C3300222CB1 /* Task.m */; };
		73645F1213B2306600222CB1 /* InMemoryTaskStorage.m in Sources */ = {isa = PBXBuildFile; fileRef = 73645F1113B2306600222CB1 /* InMemoryTaskStorage.m */; };
		73645F1913B2374F00222CB1 /* TaskTests.m in Sources */ = {isa = PBXBuildFile; fileRef = 73645F1813B2374E00222CB1 /* TaskTests.m */; };
		7371659313D5C93200FD5EE0 /* NSObject+SBJson.m in Sources */ = {isa = PBXBuildFile; fileRef = 7371657B13D5C93200FD5EE0 /* NSObject+SBJson.m */; };
		7371659413D5C93200FD5EE0 /* SBJsonParser.m in Sources */ = {isa = PBXBuildFile; fileRef = 7371657E13D5C93200FD5EE0 /* SBJsonParser.m */; };
		7371659513D5C93200FD5EE0 /* SBJsonStreamParser.m in Sources */ = {isa = PBXBuildFile; fileRef = 7371658013D5C93200FD5EE0 /* SBJsonStreamParser.m */; };
		7371659613D5C93200FD5EE0 /* SBJsonStreamParserAccumulator.m in Sources */ = {isa = PBXBuildFile; fileRef = 7371658213D5C93200FD5EE0 /* SBJsonStreamParserAccumulator.m */; };
		7371659713D5C93200FD5EE0 /* SBJsonStreamParserAdapter.m in Sources */ = {isa = PBXBuildFile; fileRef = 7371658413D5C93200FD5EE0 /* SBJsonStreamParserAdapter.m */; };
		7371659813D5C93200FD5EE0 /* SBJsonStreamParserState.m in Sources */ = {isa = PBXBuildFile; fileRef = 7371658613D5C93200FD5EE0 /* SBJsonStreamParserState.m */; };
		7371659913D5C93200FD5EE0 /* SBJsonStreamWriter.m in Sources */ = {isa = PBXBuildFile; fileRef = 7371658813D5C93200FD5EE0 /* SBJsonStreamWriter.m */; };
		7371659A13D5C93200FD5EE0 /* SBJsonStreamWriterAccumulator.m in Sources */ = {isa = PBXBuildFile; fileRef = 7371658A13D5C93200FD5EE0 /* SBJsonStreamWriterAccumulator.m */; };
		7371659B13D5C93200FD5EE0 /* SBJsonStreamWriterState.m in Sources */ = {isa = PBXBuildFile; fileRef = 7371658C13D5C93200FD5EE0 /* SBJsonStreamWriterState.m */; };
		7371659C13D5C93200FD5EE0 /* SBJsonTokeniser.m in Sources */ = {isa = PBXBuildFile; fileRef = 7371658E13D5C93200FD5EE0 /* SBJsonTokeniser.m */; };
		7371659D13D5C93200FD5EE0 /* SBJsonUTF8Stream.m in Sources */ = {isa = PBXBuildFile; fileRef = 7371659013D5C93200FD5EE0 /* SBJsonUTF8Stream.m */; };
		7371659E13D5C93200FD5EE0 /* SBJsonWriter.m in Sources */ = {isa = PBXBuildFile; fileRef = 7371659213D5C93200FD5EE0 /* SBJsonWriter.m */; };
		737165A113D5CA0300FD5EE0 /* OnDiskAccountStorage.m in Sources */ = {isa = PBXBuildFile; fileRef = 737165A013D5CA0300FD5EE0 /* OnDiskAccountStorage.m */; };
		737165A313D5D2CF00FD5EE0 /* accounts.json in Resources */ = {isa = PBXBuildFile; fileRef = 737165A213D5D2CF00FD5EE0 /* accounts.json */; };
		737165AD13D5FBF300FD5EE0 /* UUIDString.m in Sources */ = {isa = PBXBuildFile; fileRef = 737165AC13D5FBF300FD5EE0 /* UUIDString.m */; };
		73A9B28A13D717CD006F0641 /* TaskEditViewController.m in Sources */ = {isa = PBXBuildFile; fileRef = 73A9B28813D717CC006F0641 /* TaskEditViewController.m */; };
		73A9B28B13D717CD006F0641 /* TaskEditViewController.xib in Resources */ = {isa = PBXBuildFile; fileRef = 73A9B28913D717CC006F0641 /* TaskEditViewController.xib */; };
		73A9B28F13D89175006F0641 /* ClearTasksViewController.m in Sources */ = {isa = PBXBuildFile; fileRef = 73A9B28D13D89174006F0641 /* ClearTasksViewController.m */; };
		73A9B29013D89175006F0641 /* ClearTasksViewController.xib in Resources */ = {isa = PBXBuildFile; fileRef = 73A9B28E13D89174006F0641 /* ClearTasksViewController.xib */; };
		73A9B29913D9D408006F0641 /* DiskStorage.m in Sources */ = {isa = PBXBuildFile; fileRef = 73A9B29813D9D407006F0641 /* DiskStorage.m */; };
		73A9B29D13D9E051006F0641 /* accounts.plist in Resources */ = {isa = PBXBuildFile; fileRef = 73A9B29C13D9E051006F0641 /* accounts.plist */; };
		73A9B2A013DA0021006F0641 /* OnDiskTaskStorage.m in Sources */ = {isa = PBXBuildFile; fileRef = 73A9B29F13DA001E006F0641 /* OnDiskTaskStorage.m */; };
		73B7FDB913B8F5A10001E053 /* TasksViewController.m in Sources */ = {isa = PBXBuildFile; fileRef = 73B7FDB713B8F5A10001E053 /* TasksViewController.m */; };
		73B7FDBF13B8FA5B0001E053 /* TaskListsViewController.xib in Resources */ = {isa = PBXBuildFile; fileRef = 73B7FDBE13B8FA5B0001E053 /* TaskListsViewController.xib */; };
		73B7FDC213BB9E550001E053 /* checked.png in Resources */ = {isa = PBXBuildFile; fileRef = 73B7FDC013BB9E540001E053 /* checked.png */; };
		73B7FDC313BB9E550001E053 /* unchecked.png in Resources */ = {isa = PBXBuildFile; fileRef = 73B7FDC113BB9E550001E053 /* unchecked.png */; };
		73BE711013C6049B002A0DF8 /* TaskCell.xib in Resources */ = {isa = PBXBuildFile; fileRef = 73BE710F13C6049B002A0DF8 /* TaskCell.xib */; };
		73BE711413C63231002A0DF8 /* TaskCell.m in Sources */ = {isa = PBXBuildFile; fileRef = 73BE711313C63231002A0DF8 /* TaskCell.m */; };
/* End PBXBuildFile section */

/* Begin PBXContainerItemProxy section */
		730C58CC13AFB85E00D443E6 /* PBXContainerItemProxy */ = {
			isa = PBXContainerItemProxy;
			containerPortal = 730C589813AFB85E00D443E6 /* Project object */;
			proxyType = 1;
			remoteGlobalIDString = 730C58A013AFB85E00D443E6;
			remoteInfo = Tasks;
		};
/* End PBXContainerItemProxy section */

/* Begin PBXFileReference section */
		730C58A113AFB85E00D443E6 /* Tasks.app */ = {isa = PBXFileReference; explicitFileType = wrapper.application; includeInIndex = 0; path = Tasks.app; sourceTree = BUILT_PRODUCTS_DIR; };
		730C58A513AFB85E00D443E6 /* UIKit.framework */ = {isa = PBXFileReference; lastKnownFileType = wrapper.framework; name = UIKit.framework; path = System/Library/Frameworks/UIKit.framework; sourceTree = SDKROOT; };
		730C58A713AFB85E00D443E6 /* Foundation.framework */ = {isa = PBXFileReference; lastKnownFileType = wrapper.framework; name = Foundation.framework; path = System/Library/Frameworks/Foundation.framework; sourceTree = SDKROOT; };
		730C58A913AFB85E00D443E6 /* CoreGraphics.framework */ = {isa = PBXFileReference; lastKnownFileType = wrapper.framework; name = CoreGraphics.framework; path = System/Library/Frameworks/CoreGraphics.framework; sourceTree = SDKROOT; };
		730C58AD13AFB85E00D443E6 /* Tasks-Info.plist */ = {isa = PBXFileReference; lastKnownFileType = text.plist.xml; path = "Tasks-Info.plist"; sourceTree = "<group>"; };
		730C58AF13AFB85E00D443E6 /* en */ = {isa = PBXFileReference; lastKnownFileType = text.plist.strings; name = en; path = en.lproj/InfoPlist.strings; sourceTree = "<group>"; };
		730C58B113AFB85E00D443E6 /* Tasks-Prefix.pch */ = {isa = PBXFileReference; lastKnownFileType = sourcecode.c.h; path = "Tasks-Prefix.pch"; sourceTree = "<group>"; };
		730C58B213AFB85E00D443E6 /* main.m */ = {isa = PBXFileReference; lastKnownFileType = sourcecode.c.objc; path = main.m; sourceTree = "<group>"; };
		730C58B413AFB85E00D443E6 /* TasksAppDelegate.h */ = {isa = PBXFileReference; lastKnownFileType = sourcecode.c.h; path = TasksAppDelegate.h; sourceTree = "<group>"; };
		730C58B513AFB85E00D443E6 /* TasksAppDelegate.m */ = {isa = PBXFileReference; lastKnownFileType = sourcecode.c.objc; path = TasksAppDelegate.m; sourceTree = "<group>"; };
		730C58B813AFB85E00D443E6 /* en */ = {isa = PBXFileReference; lastKnownFileType = file.xib; name = en; path = en.lproj/MainWindow.xib; sourceTree = "<group>"; };
		730C58BA13AFB85E00D443E6 /* DetailViewController.h */ = {isa = PBXFileReference; lastKnownFileType = sourcecode.c.h; path = DetailViewController.h; sourceTree = "<group>"; };
		730C58BB13AFB85E00D443E6 /* DetailViewController.m */ = {isa = PBXFileReference; lastKnownFileType = sourcecode.c.objc; path = DetailViewController.m; sourceTree = "<group>"; };
		730C58BE13AFB85E00D443E6 /* en */ = {isa = PBXFileReference; lastKnownFileType = file.xib; name = en; path = en.lproj/TasksViewController.xib; sourceTree = "<group>"; };
		730C58C013AFB85E00D443E6 /* RootViewController.h */ = {isa = PBXFileReference; lastKnownFileType = sourcecode.c.h; path = RootViewController.h; sourceTree = "<group>"; };
		730C58C113AFB85E00D443E6 /* RootViewController.m */ = {isa = PBXFileReference; lastKnownFileType = sourcecode.c.objc; path = RootViewController.m; sourceTree = "<group>"; };
		730C58C813AFB85E00D443E6 /* TasksTests.octest */ = {isa = PBXFileReference; explicitFileType = wrapper.cfbundle; includeInIndex = 0; path = TasksTests.octest; sourceTree = BUILT_PRODUCTS_DIR; };
		730C58D013AFB85E00D443E6 /* TasksTests-Info.plist */ = {isa = PBXFileReference; lastKnownFileType = text.plist.xml; path = "TasksTests-Info.plist"; sourceTree = "<group>"; };
		730C58D213AFB85E00D443E6 /* en */ = {isa = PBXFileReference; lastKnownFileType = text.plist.strings; name = en; path = en.lproj/InfoPlist.strings; sourceTree = "<group>"; };
		730C58D413AFB85E00D443E6 /* TasksTests-Prefix.pch */ = {isa = PBXFileReference; lastKnownFileType = sourcecode.c.h; path = "TasksTests-Prefix.pch"; sourceTree = "<group>"; };
		730C58D513AFB85E00D443E6 /* TasksTests.h */ = {isa = PBXFileReference; lastKnownFileType = sourcecode.c.h; path = TasksTests.h; sourceTree = "<group>"; };
		730C58D713AFB85E00D443E6 /* TasksTests.m */ = {isa = PBXFileReference; lastKnownFileType = sourcecode.c.objc; path = TasksTests.m; sourceTree = "<group>"; };
		730C593B13B10EFB00D443E6 /* RootView.xib */ = {isa = PBXFileReference; fileEncoding = 4; lastKnownFileType = file.xib; path = RootView.xib; sourceTree = "<group>"; };
		730C593D13B1157A00D443E6 /* Account.h */ = {isa = PBXFileReference; fileEncoding = 4; lastKnownFileType = sourcecode.c.h; path = Account.h; sourceTree = "<group>"; };
		730C593E13B1157A00D443E6 /* Account.m */ = {isa = PBXFileReference; fileEncoding = 4; lastKnownFileType = sourcecode.c.objc; path = Account.m; sourceTree = "<group>"; };
		7320FC0F13D0D9F5003BC20F /* AccountEditViewController.h */ = {isa = PBXFileReference; fileEncoding = 4; lastKnownFileType = sourcecode.c.h; path = AccountEditViewController.h; sourceTree = "<group>"; };
		7320FC1013D0D9F5003BC20F /* AccountEditViewController.m */ = {isa = PBXFileReference; fileEncoding = 4; lastKnownFileType = sourcecode.c.objc; path = AccountEditViewController.m; sourceTree = "<group>"; };
		7320FC1113D0D9F6003BC20F /* AccountEditViewController.xib */ = {isa = PBXFileReference; fileEncoding = 4; lastKnownFileType = file.xib; path = AccountEditViewController.xib; sourceTree = "<group>"; };
		7320FC1413D4B8B4003BC20F /* EditAccountComplete.h */ = {isa = PBXFileReference; fileEncoding = 4; lastKnownFileType = sourcecode.c.h; path = EditAccountComplete.h; sourceTree = "<group>"; };
		7320FC1513D4BABD003BC20F /* InMemoryAccountStorage.h */ = {isa = PBXFileReference; fileEncoding = 4; lastKnownFileType = sourcecode.c.h; path = InMemoryAccountStorage.h; sourceTree = "<group>"; };
		7320FC1613D4BABD003BC20F /* InMemoryAccountStorage.m */ = {isa = PBXFileReference; fileEncoding = 4; lastKnownFileType = sourcecode.c.objc; path = InMemoryAccountStorage.m; sourceTree = "<group>"; };
		7337404213CF6FFE00F82AA7 /* DetailViewController.xib */ = {isa = PBXFileReference; fileEncoding = 4; lastKnownFileType = file.xib; path = DetailViewController.xib; sourceTree = "<group>"; };
		7337404513D0AE7E00F82AA7 /* TaskListEditViewController.h */ = {isa = PBXFileReference; fileEncoding = 4; lastKnownFileType = sourcecode.c.h; path = TaskListEditViewController.h; sourceTree = "<group>"; };
		7337404613D0AE7F00F82AA7 /* TaskListEditViewController.m */ = {isa = PBXFileReference; fileEncoding = 4; lastKnownFileType = sourcecode.c.objc; path = TaskListEditViewController.m; sourceTree = "<group>"; };
		7337404713D0AE7F00F82AA7 /* TaskListEditViewController.xib */ = {isa = PBXFileReference; fileEncoding = 4; lastKnownFileType = file.xib; path = TaskListEditViewController.xib; sourceTree = "<group>"; };
		7337404A13D0B02E00F82AA7 /* TaskListsViewController.h */ = {isa = PBXFileReference; fileEncoding = 4; lastKnownFileType = sourcecode.c.h; path = TaskListsViewController.h; sourceTree = "<group>"; };
		7337404B13D0B02F00F82AA7 /* TaskListsViewController.m */ = {isa = PBXFileReference; fileEncoding = 4; lastKnownFileType = sourcecode.c.objc; path = TaskListsViewController.m; sourceTree = "<group>"; };
		73645EF513B11C2700222CB1 /* TaskList.h */ = {isa = PBXFileReference; fileEncoding = 4; lastKnownFileType = sourcecode.c.h; path = TaskList.h; sourceTree = "<group>"; };
		73645EF613B11C2700222CB1 /* TaskList.m */ = {isa = PBXFileReference; fileEncoding = 4; lastKnownFileType = sourcecode.c.objc; path = TaskList.m; sourceTree = "<group>"; };
		73645EF913B11C3300222CB1 /* Task.h */ = {isa = PBXFileReference; fileEncoding = 4; lastKnownFileType = sourcecode.c.h; path = Task.h; sourceTree = "<group>"; };
		73645EFA13B11C3300222CB1 /* Task.m */ = {isa = PBXFileReference; fileEncoding = 4; lastKnownFileType = sourcecode.c.objc; path = Task.m; sourceTree = "<group>"; };
		73645F0013B11E1B00222CB1 /* TaskStorage.h */ = {isa = PBXFileReference; fileEncoding = 4; lastKnownFileType = sourcecode.c.h; path = TaskStorage.h; sourceTree = "<group>"; };
		73645F0313B11F7E00222CB1 /* AccountStorage.h */ = {isa = PBXFileReference; fileEncoding = 4; lastKnownFileType = sourcecode.c.h; path = AccountStorage.h; sourceTree = "<group>"; };
		73645F1013B2306600222CB1 /* InMemoryTaskStorage.h */ = {isa = PBXFileReference; fileEncoding = 4; lastKnownFileType = sourcecode.c.h; path = InMemoryTaskStorage.h; sourceTree = "<group>"; };
		73645F1113B2306600222CB1 /* InMemoryTaskStorage.m */ = {isa = PBXFileReference; fileEncoding = 4; lastKnownFileType = sourcecode.c.objc; path = InMemoryTaskStorage.m; sourceTree = "<group>"; };
		73645F1713B2374E00222CB1 /* TaskTests.h */ = {isa = PBXFileReference; fileEncoding = 4; lastKnownFileType = sourcecode.c.h; path = TaskTests.h; sourceTree = "<group>"; };
		73645F1813B2374E00222CB1 /* TaskTests.m */ = {isa = PBXFileReference; fileEncoding = 4; lastKnownFileType = sourcecode.c.objc; path = TaskTests.m; sourceTree = "<group>"; };
		7371657A13D5C93200FD5EE0 /* NSObject+SBJson.h */ = {isa = PBXFileReference; fileEncoding = 4; lastKnownFileType = sourcecode.c.h; path = "NSObject+SBJson.h"; sourceTree = "<group>"; };
		7371657B13D5C93200FD5EE0 /* NSObject+SBJson.m */ = {isa = PBXFileReference; fileEncoding = 4; lastKnownFileType = sourcecode.c.objc; path = "NSObject+SBJson.m"; sourceTree = "<group>"; };
		7371657C13D5C93200FD5EE0 /* SBJson.h */ = {isa = PBXFileReference; fileEncoding = 4; lastKnownFileType = sourcecode.c.h; path = SBJson.h; sourceTree = "<group>"; };
		7371657D13D5C93200FD5EE0 /* SBJsonParser.h */ = {isa = PBXFileReference; fileEncoding = 4; lastKnownFileType = sourcecode.c.h; path = SBJsonParser.h; sourceTree = "<group>"; };
		7371657E13D5C93200FD5EE0 /* SBJsonParser.m */ = {isa = PBXFileReference; fileEncoding = 4; lastKnownFileType = sourcecode.c.objc; path = SBJsonParser.m; sourceTree = "<group>"; };
		7371657F13D5C93200FD5EE0 /* SBJsonStreamParser.h */ = {isa = PBXFileReference; fileEncoding = 4; lastKnownFileType = sourcecode.c.h; path = SBJsonStreamParser.h; sourceTree = "<group>"; };
		7371658013D5C93200FD5EE0 /* SBJsonStreamParser.m */ = {isa = PBXFileReference; fileEncoding = 4; lastKnownFileType = sourcecode.c.objc; path = SBJsonStreamParser.m; sourceTree = "<group>"; };
		7371658113D5C93200FD5EE0 /* SBJsonStreamParserAccumulator.h */ = {isa = PBXFileReference; fileEncoding = 4; lastKnownFileType = sourcecode.c.h; path = SBJsonStreamParserAccumulator.h; sourceTree = "<group>"; };
		7371658213D5C93200FD5EE0 /* SBJsonStreamParserAccumulator.m */ = {isa = PBXFileReference; fileEncoding = 4; lastKnownFileType = sourcecode.c.objc; path = SBJsonStreamParserAccumulator.m; sourceTree = "<group>"; };
		7371658313D5C93200FD5EE0 /* SBJsonStreamParserAdapter.h */ = {isa = PBXFileReference; fileEncoding = 4; lastKnownFileType = sourcecode.c.h; path = SBJsonStreamParserAdapter.h; sourceTree = "<group>"; };
		7371658413D5C93200FD5EE0 /* SBJsonStreamParserAdapter.m */ = {isa = PBXFileReference; fileEncoding = 4; lastKnownFileType = sourcecode.c.objc; path = SBJsonStreamParserAdapter.m; sourceTree = "<group>"; };
		7371658513D5C93200FD5EE0 /* SBJsonStreamParserState.h */ = {isa = PBXFileReference; fileEncoding = 4; lastKnownFileType = sourcecode.c.h; path = SBJsonStreamParserState.h; sourceTree = "<group>"; };
		7371658613D5C93200FD5EE0 /* SBJsonStreamParserState.m */ = {isa = PBXFileReference; fileEncoding = 4; lastKnownFileType = sourcecode.c.objc; path = SBJsonStreamParserState.m; sourceTree = "<group>"; };
		7371658713D5C93200FD5EE0 /* SBJsonStreamWriter.h */ = {isa = PBXFileReference; fileEncoding = 4; lastKnownFileType = sourcecode.c.h; path = SBJsonStreamWriter.h; sourceTree = "<group>"; };
		7371658813D5C93200FD5EE0 /* SBJsonStreamWriter.m */ = {isa = PBXFileReference; fileEncoding = 4; lastKnownFileType = sourcecode.c.objc; path = SBJsonStreamWriter.m; sourceTree = "<group>"; };
		7371658913D5C93200FD5EE0 /* SBJsonStreamWriterAccumulator.h */ = {isa = PBXFileReference; fileEncoding = 4; lastKnownFileType = sourcecode.c.h; path = SBJsonStreamWriterAccumulator.h; sourceTree = "<group>"; };
		7371658A13D5C93200FD5EE0 /* SBJsonStreamWriterAccumulator.m */ = {isa = PBXFileReference; fileEncoding = 4; lastKnownFileType = sourcecode.c.objc; path = SBJsonStreamWriterAccumulator.m; sourceTree = "<group>"; };
		7371658B13D5C93200FD5EE0 /* SBJsonStreamWriterState.h */ = {isa = PBXFileReference; fileEncoding = 4; lastKnownFileType = sourcecode.c.h; path = SBJsonStreamWriterState.h; sourceTree = "<group>"; };
		7371658C13D5C93200FD5EE0 /* SBJsonStreamWriterState.m */ = {isa = PBXFileReference; fileEncoding = 4; lastKnownFileType = sourcecode.c.objc; path = SBJsonStreamWriterState.m; sourceTree = "<group>"; };
		7371658D13D5C93200FD5EE0 /* SBJsonTokeniser.h */ = {isa = PBXFileReference; fileEncoding = 4; lastKnownFileType = sourcecode.c.h; path = SBJsonTokeniser.h; sourceTree = "<group>"; };
		7371658E13D5C93200FD5EE0 /* SBJsonTokeniser.m */ = {isa = PBXFileReference; fileEncoding = 4; lastKnownFileType = sourcecode.c.objc; path = SBJsonTokeniser.m; sourceTree = "<group>"; };
		7371658F13D5C93200FD5EE0 /* SBJsonUTF8Stream.h */ = {isa = PBXFileReference; fileEncoding = 4; lastKnownFileType = sourcecode.c.h; path = SBJsonUTF8Stream.h; sourceTree = "<group>"; };
		7371659013D5C93200FD5EE0 /* SBJsonUTF8Stream.m */ = {isa = PBXFileReference; fileEncoding = 4; lastKnownFileType = sourcecode.c.objc; path = SBJsonUTF8Stream.m; sourceTree = "<group>"; };
		7371659113D5C93200FD5EE0 /* SBJsonWriter.h */ = {isa = PBXFileReference; fileEncoding = 4; lastKnownFileType = sourcecode.c.h; path = SBJsonWriter.h; sourceTree = "<group>"; };
		7371659213D5C93200FD5EE0 /* SBJsonWriter.m */ = {isa = PBXFileReference; fileEncoding = 4; lastKnownFileType = sourcecode.c.objc; path = SBJsonWriter.m; sourceTree = "<group>"; };
		7371659F13D5CA0300FD5EE0 /* OnDiskAccountStorage.h */ = {isa = PBXFileReference; fileEncoding = 4; lastKnownFileType = sourcecode.c.h; path = OnDiskAccountStorage.h; sourceTree = "<group>"; };
		737165A013D5CA0300FD5EE0 /* OnDiskAccountStorage.m */ = {isa = PBXFileReference; fileEncoding = 4; lastKnownFileType = sourcecode.c.objc; path = OnDiskAccountStorage.m; sourceTree = "<group>"; };
		737165A213D5D2CF00FD5EE0 /* accounts.json */ = {isa = PBXFileReference; fileEncoding = 4; lastKnownFileType = text; path = accounts.json; sourceTree = "<group>"; };
		737165A713D5DB3500FD5EE0 /* TaskListStorage.h */ = {isa = PBXFileReference; fileEncoding = 4; lastKnownFileType = sourcecode.c.h; path = TaskListStorage.h; sourceTree = "<group>"; };
		737165AB13D5FBF300FD5EE0 /* UUIDString.h */ = {isa = PBXFileReference; fileEncoding = 4; lastKnownFileType = sourcecode.c.h; path = UUIDString.h; sourceTree = "<group>"; };
		737165AC13D5FBF300FD5EE0 /* UUIDString.m */ = {isa = PBXFileReference; fileEncoding = 4; lastKnownFileType = sourcecode.c.objc; path = UUIDString.m; sourceTree = "<group>"; };
		73A9B28713D717CB006F0641 /* TaskEditViewController.h */ = {isa = PBXFileReference; fileEncoding = 4; lastKnownFileType = sourcecode.c.h; path = TaskEditViewController.h; sourceTree = "<group>"; };
		73A9B28813D717CC006F0641 /* TaskEditViewController.m */ = {isa = PBXFileReference; fileEncoding = 4; lastKnownFileType = sourcecode.c.objc; path = TaskEditViewController.m; sourceTree = "<group>"; };
		73A9B28913D717CC006F0641 /* TaskEditViewController.xib */ = {isa = PBXFileReference; fileEncoding = 4; lastKnownFileType = file.xib; path = TaskEditViewController.xib; sourceTree = "<group>"; };
		73A9B28C13D89173006F0641 /* ClearTasksViewController.h */ = {isa = PBXFileReference; fileEncoding = 4; lastKnownFileType = sourcecode.c.h; path = ClearTasksViewController.h; sourceTree = "<group>"; };
		73A9B28D13D89174006F0641 /* ClearTasksViewController.m */ = {isa = PBXFileReference; fileEncoding = 4; lastKnownFileType = sourcecode.c.objc; path = ClearTasksViewController.m; sourceTree = "<group>"; };
		73A9B28E13D89174006F0641 /* ClearTasksViewController.xib */ = {isa = PBXFileReference; fileEncoding = 4; lastKnownFileType = file.xib; path = ClearTasksViewController.xib; sourceTree = "<group>"; };
		73A9B29113D894C4006F0641 /* ClearTasksDelegate.h */ = {isa = PBXFileReference; fileEncoding = 4; lastKnownFileType = sourcecode.c.h; path = ClearTasksDelegate.h; sourceTree = "<group>"; };
		73A9B29213D8B6A4006F0641 /* TaskEditComplete.h */ = {isa = PBXFileReference; fileEncoding = 4; lastKnownFileType = sourcecode.c.h; path = TaskEditComplete.h; sourceTree = "<group>"; };
		73A9B29313D9BD83006F0641 /* EditTaskListComplete.h */ = {isa = PBXFileReference; fileEncoding = 4; lastKnownFileType = sourcecode.c.h; path = EditTaskListComplete.h; sourceTree = "<group>"; };
		73A9B29713D9D406006F0641 /* DiskStorage.h */ = {isa = PBXFileReference; fileEncoding = 4; lastKnownFileType = sourcecode.c.h; path = DiskStorage.h; sourceTree = "<group>"; };
		73A9B29813D9D407006F0641 /* DiskStorage.m */ = {isa = PBXFileReference; fileEncoding = 4; lastKnownFileType = sourcecode.c.objc; path = DiskStorage.m; sourceTree = "<group>"; };
		73A9B29C13D9E051006F0641 /* accounts.plist */ = {isa = PBXFileReference; lastKnownFileType = file.bplist; path = accounts.plist; sourceTree = "<group>"; };
		73A9B29E13DA001B006F0641 /* OnDiskTaskStorage.h */ = {isa = PBXFileReference; fileEncoding = 4; lastKnownFileType = sourcecode.c.h; path = OnDiskTaskStorage.h; sourceTree = "<group>"; };
		73A9B29F13DA001E006F0641 /* OnDiskTaskStorage.m */ = {isa = PBXFileReference; fileEncoding = 4; lastKnownFileType = sourcecode.c.objc; path = OnDiskTaskStorage.m; sourceTree = "<group>"; };
		73B7FDB613B8F5A10001E053 /* TasksViewController.h */ = {isa = PBXFileReference; fileEncoding = 4; lastKnownFileType = sourcecode.c.h; path = TasksViewController.h; sourceTree = "<group>"; };
		73B7FDB713B8F5A10001E053 /* TasksViewController.m */ = {isa = PBXFileReference; fileEncoding = 4; lastKnownFileType = sourcecode.c.objc; path = TasksViewController.m; sourceTree = "<group>"; };
		73B7FDBE13B8FA5B0001E053 /* TaskListsViewController.xib */ = {isa = PBXFileReference; fileEncoding = 4; lastKnownFileType = file.xib; name = TaskListsViewController.xib; path = Tasks.xcodeproj/TaskListsViewController.xib; sourceTree = SOURCE_ROOT; };
		73B7FDC013BB9E540001E053 /* checked.png */ = {isa = PBXFileReference; lastKnownFileType = image.png; path = checked.png; sourceTree = "<group>"; };
		73B7FDC113BB9E550001E053 /* unchecked.png */ = {isa = PBXFileReference; lastKnownFileType = image.png; path = unchecked.png; sourceTree = "<group>"; };
		73BE710F13C6049B002A0DF8 /* TaskCell.xib */ = {isa = PBXFileReference; fileEncoding = 4; lastKnownFileType = file.xib; path = TaskCell.xib; sourceTree = "<group>"; };
		73BE711213C63231002A0DF8 /* TaskCell.h */ = {isa = PBXFileReference; fileEncoding = 4; lastKnownFileType = sourcecode.c.h; path = TaskCell.h; sourceTree = "<group>"; };
		73BE711313C63231002A0DF8 /* TaskCell.m */ = {isa = PBXFileReference; fileEncoding = 4; lastKnownFileType = sourcecode.c.objc; path = TaskCell.m; sourceTree = "<group>"; };
/* End PBXFileReference section */

/* Begin PBXFrameworksBuildPhase section */
		730C589E13AFB85E00D443E6 /* Frameworks */ = {
			isa = PBXFrameworksBuildPhase;
			buildActionMask = 2147483647;
			files = (
				730C58A613AFB85E00D443E6 /* UIKit.framework in Frameworks */,
				730C58A813AFB85E00D443E6 /* Foundation.framework in Frameworks */,
				730C58AA13AFB85E00D443E6 /* CoreGraphics.framework in Frameworks */,
			);
			runOnlyForDeploymentPostprocessing = 0;
		};
		730C58C413AFB85E00D443E6 /* Frameworks */ = {
			isa = PBXFrameworksBuildPhase;
			buildActionMask = 2147483647;
			files = (
				730C58C913AFB85E00D443E6 /* UIKit.framework in Frameworks */,
				730C58CA13AFB85E00D443E6 /* Foundation.framework in Frameworks */,
				730C58CB13AFB85E00D443E6 /* CoreGraphics.framework in Frameworks */,
			);
			runOnlyForDeploymentPostprocessing = 0;
		};
/* End PBXFrameworksBuildPhase section */

/* Begin PBXGroup section */
		730C589613AFB85E00D443E6 = {
			isa = PBXGroup;
			children = (
				730C58AB13AFB85E00D443E6 /* Tasks */,
				730C58CE13AFB85E00D443E6 /* TasksTests */,
				730C58A413AFB85E00D443E6 /* Frameworks */,
				730C58A213AFB85E00D443E6 /* Products */,
			);
			sourceTree = "<group>";
		};
		730C58A213AFB85E00D443E6 /* Products */ = {
			isa = PBXGroup;
			children = (
				730C58A113AFB85E00D443E6 /* Tasks.app */,
				730C58C813AFB85E00D443E6 /* TasksTests.octest */,
			);
			name = Products;
			sourceTree = "<group>";
		};
		730C58A413AFB85E00D443E6 /* Frameworks */ = {
			isa = PBXGroup;
			children = (
				730C58A513AFB85E00D443E6 /* UIKit.framework */,
				730C58A713AFB85E00D443E6 /* Foundation.framework */,
				730C58A913AFB85E00D443E6 /* CoreGraphics.framework */,
			);
			name = Frameworks;
			sourceTree = "<group>";
		};
		730C58AB13AFB85E00D443E6 /* Tasks */ = {
			isa = PBXGroup;
			children = (
				737165AA13D5FBE000FD5EE0 /* Util */,
				7371657813D5C90800FD5EE0 /* JSON */,
				73645F0713B1241000222CB1 /* Controller */,
				73645EFC13B11DF000222CB1 /* Storage */,
				730C58B413AFB85E00D443E6 /* TasksAppDelegate.h */,
				730C58B513AFB85E00D443E6 /* TasksAppDelegate.m */,
				730C58B713AFB85E00D443E6 /* MainWindow.xib */,
				730C58AC13AFB85E00D443E6 /* Supporting Files */,
			);
			path = Tasks;
			sourceTree = "<group>";
		};
		730C58AC13AFB85E00D443E6 /* Supporting Files */ = {
			isa = PBXGroup;
			children = (
				73A9B29C13D9E051006F0641 /* accounts.plist */,
				73B7FDC013BB9E540001E053 /* checked.png */,
				73B7FDC113BB9E550001E053 /* unchecked.png */,
				730C58AD13AFB85E00D443E6 /* Tasks-Info.plist */,
				730C58AE13AFB85E00D443E6 /* InfoPlist.strings */,
				730C58B113AFB85E00D443E6 /* Tasks-Prefix.pch */,
				730C58B213AFB85E00D443E6 /* main.m */,
				737165A213D5D2CF00FD5EE0 /* accounts.json */,
			);
			name = "Supporting Files";
			sourceTree = "<group>";
		};
		730C58CE13AFB85E00D443E6 /* TasksTests */ = {
			isa = PBXGroup;
			children = (
				730C58D513AFB85E00D443E6 /* TasksTests.h */,
				730C58D713AFB85E00D443E6 /* TasksTests.m */,
				730C58CF13AFB85E00D443E6 /* Supporting Files */,
				73645F1713B2374E00222CB1 /* TaskTests.h */,
				73645F1813B2374E00222CB1 /* TaskTests.m */,
			);
			path = TasksTests;
			sourceTree = "<group>";
		};
		730C58CF13AFB85E00D443E6 /* Supporting Files */ = {
			isa = PBXGroup;
			children = (
				730C58D013AFB85E00D443E6 /* TasksTests-Info.plist */,
				730C58D113AFB85E00D443E6 /* InfoPlist.strings */,
				730C58D413AFB85E00D443E6 /* TasksTests-Prefix.pch */,
			);
			name = "Supporting Files";
			sourceTree = "<group>";
		};
		730C594313B11A0E00D443E6 /* Domain */ = {
			isa = PBXGroup;
			children = (
				730C593E13B1157A00D443E6 /* Account.m */,
				730C593D13B1157A00D443E6 /* Account.h */,
				73645EF513B11C2700222CB1 /* TaskList.h */,
				73645EF613B11C2700222CB1 /* TaskList.m */,
				73645EF913B11C3300222CB1 /* Task.h */,
				73645EFA13B11C3300222CB1 /* Task.m */,
			);
			name = Domain;
			sourceTree = "<group>";
		};
		73645EFC13B11DF000222CB1 /* Storage */ = {
			isa = PBXGroup;
			children = (
				73645F0313B11F7E00222CB1 /* AccountStorage.h */,
				7320FC1513D4BABD003BC20F /* InMemoryAccountStorage.h */,
				7320FC1613D4BABD003BC20F /* InMemoryAccountStorage.m */,
				7371659F13D5CA0300FD5EE0 /* OnDiskAccountStorage.h */,
				737165A013D5CA0300FD5EE0 /* OnDiskAccountStorage.m */,
				737165A713D5DB3500FD5EE0 /* TaskListStorage.h */,
				73645F0013B11E1B00222CB1 /* TaskStorage.h */,
				73645F1013B2306600222CB1 /* InMemoryTaskStorage.h */,
				73645F1113B2306600222CB1 /* InMemoryTaskStorage.m */,
				73A9B29E13DA001B006F0641 /* OnDiskTaskStorage.h */,
				73A9B29F13DA001E006F0641 /* OnDiskTaskStorage.m */,
				73A9B29713D9D406006F0641 /* DiskStorage.h */,
				73A9B29813D9D407006F0641 /* DiskStorage.m */,
				730C594313B11A0E00D443E6 /* Domain */,
			);
			name = Storage;
			sourceTree = "<group>";
		};
		73645F0713B1241000222CB1 /* Controller */ = {
			isa = PBXGroup;
			children = (
				730C58BA13AFB85E00D443E6 /* DetailViewController.h */,
				730C58BB13AFB85E00D443E6 /* DetailViewController.m */,
				7337404213CF6FFE00F82AA7 /* DetailViewController.xib */,
				730C593B13B10EFB00D443E6 /* RootView.xib */,
				730C58C013AFB85E00D443E6 /* RootViewController.h */,
				730C58C113AFB85E00D443E6 /* RootViewController.m */,
				73B7FDB613B8F5A10001E053 /* TasksViewController.h */,
				73B7FDB713B8F5A10001E053 /* TasksViewController.m */,
				730C58BD13AFB85E00D443E6 /* TasksViewController.xib */,
				73A9B28713D717CB006F0641 /* TaskEditViewController.h */,
				73A9B28813D717CC006F0641 /* TaskEditViewController.m */,
				73A9B28913D717CC006F0641 /* TaskEditViewController.xib */,
				73A9B29213D8B6A4006F0641 /* TaskEditComplete.h */,
				73A9B28C13D89173006F0641 /* ClearTasksViewController.h */,
				73A9B28D13D89174006F0641 /* ClearTasksViewController.m */,
				73A9B28E13D89174006F0641 /* ClearTasksViewController.xib */,
				73A9B29113D894C4006F0641 /* ClearTasksDelegate.h */,
				73BE710F13C6049B002A0DF8 /* TaskCell.xib */,
				73BE711213C63231002A0DF8 /* TaskCell.h */,
				73BE711313C63231002A0DF8 /* TaskCell.m */,
				7337404513D0AE7E00F82AA7 /* TaskListEditViewController.h */,
				7337404613D0AE7F00F82AA7 /* TaskListEditViewController.m */,
				7337404713D0AE7F00F82AA7 /* TaskListEditViewController.xib */,
				7337404A13D0B02E00F82AA7 /* TaskListsViewController.h */,
				7337404B13D0B02F00F82AA7 /* TaskListsViewController.m */,
				73B7FDBE13B8FA5B0001E053 /* TaskListsViewController.xib */,
				7320FC0F13D0D9F5003BC20F /* AccountEditViewController.h */,
				7320FC1013D0D9F5003BC20F /* AccountEditViewController.m */,
				7320FC1113D0D9F6003BC20F /* AccountEditViewController.xib */,
				7320FC1413D4B8B4003BC20F /* EditAccountComplete.h */,
				73A9B29313D9BD83006F0641 /* EditTaskListComplete.h */,
			);
			name = Controller;
			sourceTree = "<group>";
		};
		7371657813D5C90800FD5EE0 /* JSON */ = {
			isa = PBXGroup;
			children = (
				7371657A13D5C93200FD5EE0 /* NSObject+SBJson.h */,
				7371657B13D5C93200FD5EE0 /* NSObject+SBJson.m */,
				7371657C13D5C93200FD5EE0 /* SBJson.h */,
				7371657D13D5C93200FD5EE0 /* SBJsonParser.h */,
				7371657E13D5C93200FD5EE0 /* SBJsonParser.m */,
				7371657F13D5C93200FD5EE0 /* SBJsonStreamParser.h */,
				7371658013D5C93200FD5EE0 /* SBJsonStreamParser.m */,
				7371658113D5C93200FD5EE0 /* SBJsonStreamParserAccumulator.h */,
				7371658213D5C93200FD5EE0 /* SBJsonStreamParserAccumulator.m */,
				7371658313D5C93200FD5EE0 /* SBJsonStreamParserAdapter.h */,
				7371658413D5C93200FD5EE0 /* SBJsonStreamParserAdapter.m */,
				7371658513D5C93200FD5EE0 /* SBJsonStreamParserState.h */,
				7371658613D5C93200FD5EE0 /* SBJsonStreamParserState.m */,
				7371658713D5C93200FD5EE0 /* SBJsonStreamWriter.h */,
				7371658813D5C93200FD5EE0 /* SBJsonStreamWriter.m */,
				7371658913D5C93200FD5EE0 /* SBJsonStreamWriterAccumulator.h */,
				7371658A13D5C93200FD5EE0 /* SBJsonStreamWriterAccumulator.m */,
				7371658B13D5C93200FD5EE0 /* SBJsonStreamWriterState.h */,
				7371658C13D5C93200FD5EE0 /* SBJsonStreamWriterState.m */,
				7371658D13D5C93200FD5EE0 /* SBJsonTokeniser.h */,
				7371658E13D5C93200FD5EE0 /* SBJsonTokeniser.m */,
				7371658F13D5C93200FD5EE0 /* SBJsonUTF8Stream.h */,
				7371659013D5C93200FD5EE0 /* SBJsonUTF8Stream.m */,
				7371659113D5C93200FD5EE0 /* SBJsonWriter.h */,
				7371659213D5C93200FD5EE0 /* SBJsonWriter.m */,
			);
			name = JSON;
			sourceTree = "<group>";
		};
		737165AA13D5FBE000FD5EE0 /* Util */ = {
			isa = PBXGroup;
			children = (
				737165AB13D5FBF300FD5EE0 /* UUIDString.h */,
				737165AC13D5FBF300FD5EE0 /* UUIDString.m */,
			);
			name = Util;
			sourceTree = "<group>";
		};
/* End PBXGroup section */

/* Begin PBXNativeTarget section */
		730C58A013AFB85E00D443E6 /* Tasks */ = {
			isa = PBXNativeTarget;
			buildConfigurationList = 730C58DB13AFB85E00D443E6 /* Build configuration list for PBXNativeTarget "Tasks" */;
			buildPhases = (
				730C589D13AFB85E00D443E6 /* Sources */,
				730C589E13AFB85E00D443E6 /* Frameworks */,
				730C589F13AFB85E00D443E6 /* Resources */,
			);
			buildRules = (
			);
			dependencies = (
			);
			name = Tasks;
			productName = Tasks;
			productReference = 730C58A113AFB85E00D443E6 /* Tasks.app */;
			productType = "com.apple.product-type.application";
		};
		730C58C713AFB85E00D443E6 /* TasksTests */ = {
			isa = PBXNativeTarget;
			buildConfigurationList = 730C58DE13AFB85E00D443E6 /* Build configuration list for PBXNativeTarget "TasksTests" */;
			buildPhases = (
				730C58C313AFB85E00D443E6 /* Sources */,
				730C58C413AFB85E00D443E6 /* Frameworks */,
				730C58C513AFB85E00D443E6 /* Resources */,
				730C58C613AFB85E00D443E6 /* ShellScript */,
			);
			buildRules = (
			);
			dependencies = (
				730C58CD13AFB85E00D443E6 /* PBXTargetDependency */,
			);
			name = TasksTests;
			productName = TasksTests;
			productReference = 730C58C813AFB85E00D443E6 /* TasksTests.octest */;
			productType = "com.apple.product-type.bundle";
		};
/* End PBXNativeTarget section */

/* Begin PBXProject section */
		730C589813AFB85E00D443E6 /* Project object */ = {
			isa = PBXProject;
			buildConfigurationList = 730C589B13AFB85E00D443E6 /* Build configuration list for PBXProject "Tasks" */;
			compatibilityVersion = "Xcode 3.2";
			developmentRegion = English;
			hasScannedForEncodings = 0;
			knownRegions = (
				en,
			);
			mainGroup = 730C589613AFB85E00D443E6;
			productRefGroup = 730C58A213AFB85E00D443E6 /* Products */;
			projectDirPath = "";
			projectRoot = "";
			targets = (
				730C58A013AFB85E00D443E6 /* Tasks */,
				730C58C713AFB85E00D443E6 /* TasksTests */,
			);
		};
/* End PBXProject section */

/* Begin PBXResourcesBuildPhase section */
		730C589F13AFB85E00D443E6 /* Resources */ = {
			isa = PBXResourcesBuildPhase;
			buildActionMask = 2147483647;
			files = (
				730C58B013AFB85E00D443E6 /* InfoPlist.strings in Resources */,
				730C58B913AFB85E00D443E6 /* MainWindow.xib in Resources */,
				730C58BF13AFB85E00D443E6 /* TasksViewController.xib in Resources */,
				730C593C13B10EFC00D443E6 /* RootView.xib in Resources */,
				73B7FDBF13B8FA5B0001E053 /* TaskListsViewController.xib in Resources */,
				73B7FDC213BB9E550001E053 /* checked.png in Resources */,
				73B7FDC313BB9E550001E053 /* unchecked.png in Resources */,
				73BE711013C6049B002A0DF8 /* TaskCell.xib in Resources */,
				7337404313CF6FFE00F82AA7 /* DetailViewController.xib in Resources */,
				7337404913D0AE7F00F82AA7 /* TaskListEditViewController.xib in Resources */,
				7320FC1313D0D9F6003BC20F /* AccountEditViewController.xib in Resources */,
				737165A313D5D2CF00FD5EE0 /* accounts.json in Resources */,
				73A9B28B13D717CD006F0641 /* TaskEditViewController.xib in Resources */,
				73A9B29013D89175006F0641 /* ClearTasksViewController.xib in Resources */,
				73A9B29D13D9E051006F0641 /* accounts.plist in Resources */,
			);
			runOnlyForDeploymentPostprocessing = 0;
		};
		730C58C513AFB85E00D443E6 /* Resources */ = {
			isa = PBXResourcesBuildPhase;
			buildActionMask = 2147483647;
			files = (
				730C58D313AFB85E00D443E6 /* InfoPlist.strings in Resources */,
				730C58D613AFB85E00D443E6 /* TasksTests.h in Resources */,
			);
			runOnlyForDeploymentPostprocessing = 0;
		};
/* End PBXResourcesBuildPhase section */

/* Begin PBXShellScriptBuildPhase section */
		730C58C613AFB85E00D443E6 /* ShellScript */ = {
			isa = PBXShellScriptBuildPhase;
			buildActionMask = 2147483647;
			files = (
			);
			inputPaths = (
			);
			outputPaths = (
			);
			runOnlyForDeploymentPostprocessing = 0;
			shellPath = /bin/sh;
			shellScript = "# Run the unit tests in this test bundle.\n\"${SYSTEM_DEVELOPER_DIR}/Tools/RunUnitTests\"\n";
		};
/* End PBXShellScriptBuildPhase section */

/* Begin PBXSourcesBuildPhase section */
		730C589D13AFB85E00D443E6 /* Sources */ = {
			isa = PBXSourcesBuildPhase;
			buildActionMask = 2147483647;
			files = (
				730C58B313AFB85E00D443E6 /* main.m in Sources */,
				730C58B613AFB85E00D443E6 /* TasksAppDelegate.m in Sources */,
				730C58BC13AFB85E00D443E6 /* DetailViewController.m in Sources */,
				730C58C213AFB85E00D443E6 /* RootViewController.m in Sources */,
				730C593F13B1157B00D443E6 /* Account.m in Sources */,
				73645EF713B11C2700222CB1 /* TaskList.m in Sources */,
				73645EFB13B11C3300222CB1 /* Task.m in Sources */,
				73645F1213B2306600222CB1 /* InMemoryTaskStorage.m in Sources */,
				73B7FDB913B8F5A10001E053 /* TasksViewController.m in Sources */,
				73BE711413C63231002A0DF8 /* TaskCell.m in Sources */,
				7337404813D0AE7F00F82AA7 /* TaskListEditViewController.m in Sources */,
				7337404D13D0B03000F82AA7 /* TaskListsViewController.m in Sources */,
				7320FC1213D0D9F6003BC20F /* AccountEditViewController.m in Sources */,
				7320FC1713D4BABD003BC20F /* InMemoryAccountStorage.m in Sources */,
				7371659313D5C93200FD5EE0 /* NSObject+SBJson.m in Sources */,
				7371659413D5C93200FD5EE0 /* SBJsonParser.m in Sources */,
				7371659513D5C93200FD5EE0 /* SBJsonStreamParser.m in Sources */,
				7371659613D5C93200FD5EE0 /* SBJsonStreamParserAccumulator.m in Sources */,
				7371659713D5C93200FD5EE0 /* SBJsonStreamParserAdapter.m in Sources */,
				7371659813D5C93200FD5EE0 /* SBJsonStreamParserState.m in Sources */,
				7371659913D5C93200FD5EE0 /* SBJsonStreamWriter.m in Sources */,
				7371659A13D5C93200FD5EE0 /* SBJsonStreamWriterAccumulator.m in Sources */,
				7371659B13D5C93200FD5EE0 /* SBJsonStreamWriterState.m in Sources */,
				7371659C13D5C93200FD5EE0 /* SBJsonTokeniser.m in Sources */,
				7371659D13D5C93200FD5EE0 /* SBJsonUTF8Stream.m in Sources */,
				7371659E13D5C93200FD5EE0 /* SBJsonWriter.m in Sources */,
				737165A113D5CA0300FD5EE0 /* OnDiskAccountStorage.m in Sources */,
				737165AD13D5FBF300FD5EE0 /* UUIDString.m in Sources */,
				73A9B28A13D717CD006F0641 /* TaskEditViewController.m in Sources */,
				73A9B28F13D89175006F0641 /* ClearTasksViewController.m in Sources */,
				73A9B29913D9D408006F0641 /* DiskStorage.m in Sources */,
				73A9B2A013DA0021006F0641 /* OnDiskTaskStorage.m in Sources */,
			);
			runOnlyForDeploymentPostprocessing = 0;
		};
		730C58C313AFB85E00D443E6 /* Sources */ = {
			isa = PBXSourcesBuildPhase;
			buildActionMask = 2147483647;
			files = (
				73645F1913B2374F00222CB1 /* TaskTests.m in Sources */,
			);
			runOnlyForDeploymentPostprocessing = 0;
		};
/* End PBXSourcesBuildPhase section */

/* Begin PBXTargetDependency section */
		730C58CD13AFB85E00D443E6 /* PBXTargetDependency */ = {
			isa = PBXTargetDependency;
			target = 730C58A013AFB85E00D443E6 /* Tasks */;
			targetProxy = 730C58CC13AFB85E00D443E6 /* PBXContainerItemProxy */;
		};
/* End PBXTargetDependency section */

/* Begin PBXVariantGroup section */
		730C58AE13AFB85E00D443E6 /* InfoPlist.strings */ = {
			isa = PBXVariantGroup;
			children = (
				730C58AF13AFB85E00D443E6 /* en */,
			);
			name = InfoPlist.strings;
			sourceTree = "<group>";
		};
		730C58B713AFB85E00D443E6 /* MainWindow.xib */ = {
			isa = PBXVariantGroup;
			children = (
				730C58B813AFB85E00D443E6 /* en */,
			);
			name = MainWindow.xib;
			sourceTree = "<group>";
		};
		730C58BD13AFB85E00D443E6 /* TasksViewController.xib */ = {
			isa = PBXVariantGroup;
			children = (
				730C58BE13AFB85E00D443E6 /* en */,
			);
			name = TasksViewController.xib;
			sourceTree = "<group>";
		};
		730C58D113AFB85E00D443E6 /* InfoPlist.strings */ = {
			isa = PBXVariantGroup;
			children = (
				730C58D213AFB85E00D443E6 /* en */,
			);
			name = InfoPlist.strings;
			sourceTree = "<group>";
		};
/* End PBXVariantGroup section */

/* Begin XCBuildConfiguration section */
		730C58D913AFB85E00D443E6 /* Debug */ = {
			isa = XCBuildConfiguration;
			buildSettings = {
				ARCHS = "$(ARCHS_UNIVERSAL_IPHONE_OS)";
				"CODE_SIGN_IDENTITY[sdk=iphoneos*]" = "iPhone Developer";
				GCC_C_LANGUAGE_STANDARD = gnu99;
				GCC_OPTIMIZATION_LEVEL = 0;
				GCC_PREPROCESSOR_DEFINITIONS = DEBUG;
				GCC_SYMBOLS_PRIVATE_EXTERN = NO;
				GCC_VERSION = com.apple.compilers.llvmgcc42;
				GCC_WARN_ABOUT_RETURN_TYPE = YES;
				GCC_WARN_UNUSED_VARIABLE = YES;
				IPHONEOS_DEPLOYMENT_TARGET = 4.3;
				SDKROOT = iphoneos;
				TARGETED_DEVICE_FAMILY = 2;
			};
			name = Debug;
		};
		730C58DA13AFB85E00D443E6 /* Release */ = {
			isa = XCBuildConfiguration;
			buildSettings = {
				ARCHS = "$(ARCHS_UNIVERSAL_IPHONE_OS)";
				"CODE_SIGN_IDENTITY[sdk=iphoneos*]" = "iPhone Developer";
				GCC_C_LANGUAGE_STANDARD = gnu99;
				GCC_VERSION = com.apple.compilers.llvmgcc42;
				GCC_WARN_ABOUT_RETURN_TYPE = YES;
				GCC_WARN_UNUSED_VARIABLE = YES;
				IPHONEOS_DEPLOYMENT_TARGET = 4.3;
				OTHER_CFLAGS = "-DNS_BLOCK_ASSERTIONS=1";
				SDKROOT = iphoneos;
				TARGETED_DEVICE_FAMILY = 2;
			};
			name = Release;
		};
		730C58DC13AFB85E00D443E6 /* Debug */ = {
			isa = XCBuildConfiguration;
			buildSettings = {
				ALWAYS_SEARCH_USER_PATHS = NO;
				COPY_PHASE_STRIP = NO;
				GCC_DYNAMIC_NO_PIC = NO;
				GCC_PRECOMPILE_PREFIX_HEADER = YES;
				GCC_PREFIX_HEADER = "Tasks/Tasks-Prefix.pch";
				INFOPLIST_FILE = "Tasks/Tasks-Info.plist";
				PRODUCT_NAME = "$(TARGET_NAME)";
				WRAPPER_EXTENSION = app;
			};
			name = Debug;
		};
		730C58DD13AFB85E00D443E6 /* Release */ = {
			isa = XCBuildConfiguration;
			buildSettings = {
				ALWAYS_SEARCH_USER_PATHS = NO;
				COPY_PHASE_STRIP = YES;
				GCC_PRECOMPILE_PREFIX_HEADER = YES;
				GCC_PREFIX_HEADER = "Tasks/Tasks-Prefix.pch";
				INFOPLIST_FILE = "Tasks/Tasks-Info.plist";
				PRODUCT_NAME = "$(TARGET_NAME)";
				VALIDATE_PRODUCT = YES;
				WRAPPER_EXTENSION = app;
			};
			name = Release;
		};
		730C58DF13AFB85E00D443E6 /* Debug */ = {
			isa = XCBuildConfiguration;
			buildSettings = {
				ALWAYS_SEARCH_USER_PATHS = NO;
				ARCHS = "$(ARCHS_STANDARD_32_BIT)";
				BUNDLE_LOADER = "$(BUILT_PRODUCTS_DIR)/Tasks.app/Tasks";
				FRAMEWORK_SEARCH_PATHS = (
					"$(SDKROOT)/Developer/Library/Frameworks",
					"$(DEVELOPER_LIBRARY_DIR)/Frameworks",
				);
				GCC_PRECOMPILE_PREFIX_HEADER = YES;
				GCC_PREFIX_HEADER = "TasksTests/TasksTests-Prefix.pch";
				INFOPLIST_FILE = "TasksTests/TasksTests-Info.plist";
				OTHER_LDFLAGS = (
					"-framework",
					SenTestingKit,
				);
				PRODUCT_NAME = "$(TARGET_NAME)";
				TEST_HOST = "$(BUNDLE_LOADER)";
				WRAPPER_EXTENSION = octest;
			};
			name = Debug;
		};
		730C58E013AFB85E00D443E6 /* Release */ = {
			isa = XCBuildConfiguration;
			buildSettings = {
				ALWAYS_SEARCH_USER_PATHS = NO;
				ARCHS = "$(ARCHS_STANDARD_32_BIT)";
				BUNDLE_LOADER = "$(BUILT_PRODUCTS_DIR)/Tasks.app/Tasks";
				FRAMEWORK_SEARCH_PATHS = (
					"$(SDKROOT)/Developer/Library/Frameworks",
					"$(DEVELOPER_LIBRARY_DIR)/Frameworks",
				);
				GCC_PRECOMPILE_PREFIX_HEADER = YES;
				GCC_PREFIX_HEADER = "TasksTests/TasksTests-Prefix.pch";
				INFOPLIST_FILE = "TasksTests/TasksTests-Info.plist";
				OTHER_LDFLAGS = (
					"-framework",
					SenTestingKit,
				);
				PRODUCT_NAME = "$(TARGET_NAME)";
				TEST_HOST = "$(BUNDLE_LOADER)";
				WRAPPER_EXTENSION = octest;
			};
			name = Release;
		};
/* End XCBuildConfiguration section */

/* Begin XCConfigurationList section */
		730C589B13AFB85E00D443E6 /* Build configuration list for PBXProject "Tasks" */ = {
			isa = XCConfigurationList;
			buildConfigurations = (
				730C58D913AFB85E00D443E6 /* Debug */,
				730C58DA13AFB85E00D443E6 /* Release */,
			);
			defaultConfigurationIsVisible = 0;
			defaultConfigurationName = Release;
		};
		730C58DB13AFB85E00D443E6 /* Build configuration list for PBXNativeTarget "Tasks" */ = {
			isa = XCConfigurationList;
			buildConfigurations = (
				730C58DC13AFB85E00D443E6 /* Debug */,
				730C58DD13AFB85E00D443E6 /* Release */,
			);
			defaultConfigurationIsVisible = 0;
			defaultConfigurationName = Release;
		};
		730C58DE13AFB85E00D443E6 /* Build configuration list for PBXNativeTarget "TasksTests" */ = {
			isa = XCConfigurationList;
			buildConfigurations = (
				730C58DF13AFB85E00D443E6 /* Debug */,
				730C58E013AFB85E00D443E6 /* Release */,
			);
			defaultConfigurationIsVisible = 0;
			defaultConfigurationName = Release;
		};
/* End XCConfigurationList section */
	};
	rootObject = 730C589813AFB85E00D443E6 /* Project object */;
}
